// !$*UTF8*$!
{
	archiveVersion = 1;
	classes = {
	};
	objectVersion = 46;
	objects = {

/* Begin PBXBuildFile section */
		091989B01BC9536D00E9B560 /* UIViewController+Alerts.swift in Sources */ = {isa = PBXBuildFile; fileRef = 091989AF1BC9536D00E9B560 /* UIViewController+Alerts.swift */; settings = {ASSET_TAGS = (); }; };
		092CF9E31BDD281900E4D482 /* NetworkComponents.swift in Sources */ = {isa = PBXBuildFile; fileRef = 092CF9E21BDD281900E4D482 /* NetworkComponents.swift */; settings = {ASSET_TAGS = (); }; };
		092CF9E51BDD288400E4D482 /* UIComponents.swift in Sources */ = {isa = PBXBuildFile; fileRef = 092CF9E41BDD288400E4D482 /* UIComponents.swift */; settings = {ASSET_TAGS = (); }; };
		0980983A1BDD3731001CE22A /* Typhoon.framework in Frameworks */ = {isa = PBXBuildFile; fileRef = 092CF9E61BDD2A8F00E4D482 /* Typhoon.framework */; };
		098AF8971BC0057E00D43EE0 /* TextFieldTheme.swift in Sources */ = {isa = PBXBuildFile; fileRef = 098AF8961BC0057E00D43EE0 /* TextFieldTheme.swift */; settings = {ASSET_TAGS = (); }; };
		099DC0501BC8597D00C61D26 /* FormBehaviour.swift in Sources */ = {isa = PBXBuildFile; fileRef = 099DC04F1BC8597C00C61D26 /* FormBehaviour.swift */; settings = {ASSET_TAGS = (); }; };
		099DC0521BC85A3500C61D26 /* AuthFormBehaviour.swift in Sources */ = {isa = PBXBuildFile; fileRef = 099DC0511BC85A3500C61D26 /* AuthFormBehaviour.swift */; settings = {ASSET_TAGS = (); }; };
		099DC0541BC85ABC00C61D26 /* BackgroundHighlightableView.swift in Sources */ = {isa = PBXBuildFile; fileRef = 099DC0531BC85ABC00C61D26 /* BackgroundHighlightableView.swift */; settings = {ASSET_TAGS = (); }; };
		099DC0571BC85FC400C61D26 /* ShakeAnimation.swift in Sources */ = {isa = PBXBuildFile; fileRef = 099DC0561BC85FC400C61D26 /* ShakeAnimation.swift */; settings = {ASSET_TAGS = (); }; };
		099DC05A1BC8673D00C61D26 /* FormTextField.swift in Sources */ = {isa = PBXBuildFile; fileRef = 099DC0581BC8673D00C61D26 /* FormTextField.swift */; settings = {ASSET_TAGS = (); }; };
		099DC05B1BC8673D00C61D26 /* ViewController.swift in Sources */ = {isa = PBXBuildFile; fileRef = 099DC0591BC8673D00C61D26 /* ViewController.swift */; settings = {ASSET_TAGS = (); }; };
		099DC05D1BC8715E00C61D26 /* HighlightableButton.swift in Sources */ = {isa = PBXBuildFile; fileRef = 099DC05C1BC8715E00C61D26 /* HighlightableButton.swift */; settings = {ASSET_TAGS = (); }; };
		09BAC98C1BB802BA00B0F90D /* UIImage+Named.swift in Sources */ = {isa = PBXBuildFile; fileRef = 09BAC98B1BB802BA00B0F90D /* UIImage+Named.swift */; settings = {ASSET_TAGS = (); }; };
		09BAC98E1BB8048700B0F90D /* UIView+InterfaceBuilder.swift in Sources */ = {isa = PBXBuildFile; fileRef = 09BAC98D1BB8048700B0F90D /* UIView+InterfaceBuilder.swift */; settings = {ASSET_TAGS = (); }; };
		09BAC9921BB805A300B0F90D /* UIView+Appearance.m in Sources */ = {isa = PBXBuildFile; fileRef = 09BAC9911BB805A300B0F90D /* UIView+Appearance.m */; settings = {ASSET_TAGS = (); }; };
		09BAC9951BB809A800B0F90D /* UIView+Extensions.swift in Sources */ = {isa = PBXBuildFile; fileRef = 09BAC9941BB809A800B0F90D /* UIView+Extensions.swift */; settings = {ASSET_TAGS = (); }; };
		09BAC9A21BB817EC00B0F90D /* FormTextFieldTheme.swift in Sources */ = {isa = PBXBuildFile; fileRef = 09BAC9A11BB817EC00B0F90D /* FormTextFieldTheme.swift */; settings = {ASSET_TAGS = (); }; };
		09BAC9A71BB897C000B0F90D /* AuthView.swift in Sources */ = {isa = PBXBuildFile; fileRef = 09BAC9A61BB897C000B0F90D /* AuthView.swift */; settings = {ASSET_TAGS = (); }; };
		09BAC9A91BB89BA000B0F90D /* AuthView.xib in Resources */ = {isa = PBXBuildFile; fileRef = 09BAC9A81BB89BA000B0F90D /* AuthView.xib */; settings = {ASSET_TAGS = (); }; };
		09E2D41E1BB7476100DBF6BA /* AppDelegate.swift in Sources */ = {isa = PBXBuildFile; fileRef = 09E2D41D1BB7476100DBF6BA /* AppDelegate.swift */; };
		09E2D4231BB7476100DBF6BA /* Main.storyboard in Resources */ = {isa = PBXBuildFile; fileRef = 09E2D4211BB7476100DBF6BA /* Main.storyboard */; };
		09E2D4251BB7476100DBF6BA /* Assets.xcassets in Resources */ = {isa = PBXBuildFile; fileRef = 09E2D4241BB7476100DBF6BA /* Assets.xcassets */; };
		09E2D4281BB7476100DBF6BA /* LaunchScreen.storyboard in Resources */ = {isa = PBXBuildFile; fileRef = 09E2D4261BB7476100DBF6BA /* LaunchScreen.storyboard */; };
		09E2D4601BB74AE800DBF6BA /* SwiftNetworking.framework in Frameworks */ = {isa = PBXBuildFile; fileRef = 09E2D45F1BB74AD500DBF6BA /* SwiftNetworking.framework */; };
/* End PBXBuildFile section */

/* Begin PBXFileReference section */
		091989AF1BC9536D00E9B560 /* UIViewController+Alerts.swift */ = {isa = PBXFileReference; fileEncoding = 4; lastKnownFileType = sourcecode.swift; path = "UIViewController+Alerts.swift"; sourceTree = "<group>"; };
		092CF9E21BDD281900E4D482 /* NetworkComponents.swift */ = {isa = PBXFileReference; fileEncoding = 4; lastKnownFileType = sourcecode.swift; path = NetworkComponents.swift; sourceTree = "<group>"; };
		092CF9E41BDD288400E4D482 /* UIComponents.swift */ = {isa = PBXFileReference; fileEncoding = 4; lastKnownFileType = sourcecode.swift; path = UIComponents.swift; sourceTree = "<group>"; };
		092CF9E61BDD2A8F00E4D482 /* Typhoon.framework */ = {isa = PBXFileReference; lastKnownFileType = wrapper.framework; name = Typhoon.framework; path = Carthage/Build/iOS/Typhoon.framework; sourceTree = "<group>"; };
		098AF8961BC0057E00D43EE0 /* TextFieldTheme.swift */ = {isa = PBXFileReference; fileEncoding = 4; lastKnownFileType = sourcecode.swift; path = TextFieldTheme.swift; sourceTree = "<group>"; };
		099DC04F1BC8597C00C61D26 /* FormBehaviour.swift */ = {isa = PBXFileReference; fileEncoding = 4; lastKnownFileType = sourcecode.swift; path = FormBehaviour.swift; sourceTree = "<group>"; };
		099DC0511BC85A3500C61D26 /* AuthFormBehaviour.swift */ = {isa = PBXFileReference; fileEncoding = 4; lastKnownFileType = sourcecode.swift; path = AuthFormBehaviour.swift; sourceTree = "<group>"; };
		099DC0531BC85ABC00C61D26 /* BackgroundHighlightableView.swift */ = {isa = PBXFileReference; fileEncoding = 4; lastKnownFileType = sourcecode.swift; path = BackgroundHighlightableView.swift; sourceTree = "<group>"; };
		099DC0561BC85FC400C61D26 /* ShakeAnimation.swift */ = {isa = PBXFileReference; fileEncoding = 4; lastKnownFileType = sourcecode.swift; path = ShakeAnimation.swift; sourceTree = "<group>"; };
		099DC0581BC8673D00C61D26 /* FormTextField.swift */ = {isa = PBXFileReference; fileEncoding = 4; lastKnownFileType = sourcecode.swift; path = FormTextField.swift; sourceTree = "<group>"; };
		099DC0591BC8673D00C61D26 /* ViewController.swift */ = {isa = PBXFileReference; fileEncoding = 4; lastKnownFileType = sourcecode.swift; path = ViewController.swift; sourceTree = "<group>"; };
		099DC05C1BC8715E00C61D26 /* HighlightableButton.swift */ = {isa = PBXFileReference; fileEncoding = 4; lastKnownFileType = sourcecode.swift; path = HighlightableButton.swift; sourceTree = "<group>"; };
		09BAC98B1BB802BA00B0F90D /* UIImage+Named.swift */ = {isa = PBXFileReference; fileEncoding = 4; lastKnownFileType = sourcecode.swift; path = "UIImage+Named.swift"; sourceTree = "<group>"; };
		09BAC98D1BB8048700B0F90D /* UIView+InterfaceBuilder.swift */ = {isa = PBXFileReference; fileEncoding = 4; lastKnownFileType = sourcecode.swift; path = "UIView+InterfaceBuilder.swift"; sourceTree = "<group>"; };
		09BAC9901BB805A300B0F90D /* UIView+Appearance.h */ = {isa = PBXFileReference; fileEncoding = 4; lastKnownFileType = sourcecode.c.h; path = "UIView+Appearance.h"; sourceTree = "<group>"; };
		09BAC9911BB805A300B0F90D /* UIView+Appearance.m */ = {isa = PBXFileReference; fileEncoding = 4; lastKnownFileType = sourcecode.c.objc; path = "UIView+Appearance.m"; sourceTree = "<group>"; };
		09BAC9931BB805B400B0F90D /* ViewControllerThinning-Bridging-Header.h */ = {isa = PBXFileReference; fileEncoding = 4; lastKnownFileType = sourcecode.c.h; path = "ViewControllerThinning-Bridging-Header.h"; sourceTree = "<group>"; };
		09BAC9941BB809A800B0F90D /* UIView+Extensions.swift */ = {isa = PBXFileReference; fileEncoding = 4; lastKnownFileType = sourcecode.swift; path = "UIView+Extensions.swift"; sourceTree = "<group>"; };
		09BAC9A11BB817EC00B0F90D /* FormTextFieldTheme.swift */ = {isa = PBXFileReference; fileEncoding = 4; lastKnownFileType = sourcecode.swift; path = FormTextFieldTheme.swift; sourceTree = "<group>"; };
		09BAC9A61BB897C000B0F90D /* AuthView.swift */ = {isa = PBXFileReference; fileEncoding = 4; lastKnownFileType = sourcecode.swift; path = AuthView.swift; sourceTree = "<group>"; };
		09BAC9A81BB89BA000B0F90D /* AuthView.xib */ = {isa = PBXFileReference; fileEncoding = 4; lastKnownFileType = file.xib; path = AuthView.xib; sourceTree = "<group>"; };
		09E2D41A1BB7476100DBF6BA /* ViewControllerThinning.app */ = {isa = PBXFileReference; explicitFileType = wrapper.application; includeInIndex = 0; path = ViewControllerThinning.app; sourceTree = BUILT_PRODUCTS_DIR; };
		09E2D41D1BB7476100DBF6BA /* AppDelegate.swift */ = {isa = PBXFileReference; lastKnownFileType = sourcecode.swift; path = AppDelegate.swift; sourceTree = "<group>"; };
		09E2D4221BB7476100DBF6BA /* Base */ = {isa = PBXFileReference; lastKnownFileType = file.storyboard; name = Base; path = Base.lproj/Main.storyboard; sourceTree = "<group>"; };
		09E2D4241BB7476100DBF6BA /* Assets.xcassets */ = {isa = PBXFileReference; lastKnownFileType = folder.assetcatalog; path = Assets.xcassets; sourceTree = "<group>"; };
		09E2D4271BB7476100DBF6BA /* Base */ = {isa = PBXFileReference; lastKnownFileType = file.storyboard; name = Base; path = Base.lproj/LaunchScreen.storyboard; sourceTree = "<group>"; };
		09E2D4291BB7476100DBF6BA /* Info.plist */ = {isa = PBXFileReference; lastKnownFileType = text.plist.xml; path = Info.plist; sourceTree = "<group>"; };
		09E2D45D1BB74A9800DBF6BA /* Cartfile */ = {isa = PBXFileReference; lastKnownFileType = text; path = Cartfile; sourceTree = "<group>"; };
		09E2D45F1BB74AD500DBF6BA /* SwiftNetworking.framework */ = {isa = PBXFileReference; lastKnownFileType = wrapper.framework; name = SwiftNetworking.framework; path = Carthage/Build/iOS/SwiftNetworking.framework; sourceTree = "<group>"; };
/* End PBXFileReference section */

/* Begin PBXFrameworksBuildPhase section */
		09E2D4171BB7476100DBF6BA /* Frameworks */ = {
			isa = PBXFrameworksBuildPhase;
			buildActionMask = 2147483647;
			files = (
				09E2D4601BB74AE800DBF6BA /* SwiftNetworking.framework in Frameworks */,
				0980983A1BDD3731001CE22A /* Typhoon.framework in Frameworks */,
			);
			runOnlyForDeploymentPostprocessing = 0;
		};
/* End PBXFrameworksBuildPhase section */

/* Begin PBXGroup section */
		092CF9DE1BDD279900E4D482 /* System */ = {
			isa = PBXGroup;
			children = (
				092CF9E21BDD281900E4D482 /* NetworkComponents.swift */,
				092CF9E41BDD288400E4D482 /* UIComponents.swift */,
			);
			path = System;
			sourceTree = "<group>";
		};
		099DC04D1BC8596A00C61D26 /* Models */ = {
			isa = PBXGroup;
			children = (
				099DC04E1BC8596A00C61D26 /* Behaviours */,
			);
			path = Models;
			sourceTree = "<group>";
		};
		099DC04E1BC8596A00C61D26 /* Behaviours */ = {
			isa = PBXGroup;
			children = (
				099DC04F1BC8597C00C61D26 /* FormBehaviour.swift */,
				099DC0511BC85A3500C61D26 /* AuthFormBehaviour.swift */,
				099DC0531BC85ABC00C61D26 /* BackgroundHighlightableView.swift */,
			);
			path = Behaviours;
			sourceTree = "<group>";
		};
		099DC0551BC85FBA00C61D26 /* Animations */ = {
			isa = PBXGroup;
			children = (
				099DC0561BC85FC400C61D26 /* ShakeAnimation.swift */,
			);
			path = Animations;
			sourceTree = "<group>";
		};
		09BAC9811BB8022400B0F90D /* Views */ = {
			isa = PBXGroup;
			children = (
				099DC0581BC8673D00C61D26 /* FormTextField.swift */,
				099DC0591BC8673D00C61D26 /* ViewController.swift */,
				099DC0551BC85FBA00C61D26 /* Animations */,
				09BAC9A51BB8979600B0F90D /* Auth */,
				09BAC9961BB8118800B0F90D /* Themes */,
				09BAC98A1BB802BA00B0F90D /* Extensions */,
				099DC05C1BC8715E00C61D26 /* HighlightableButton.swift */,
			);
			path = Views;
			sourceTree = "<group>";
		};
		09BAC98A1BB802BA00B0F90D /* Extensions */ = {
			isa = PBXGroup;
			children = (
				09BAC98B1BB802BA00B0F90D /* UIImage+Named.swift */,
				09BAC98D1BB8048700B0F90D /* UIView+InterfaceBuilder.swift */,
				09BAC9901BB805A300B0F90D /* UIView+Appearance.h */,
				09BAC9911BB805A300B0F90D /* UIView+Appearance.m */,
				09BAC9941BB809A800B0F90D /* UIView+Extensions.swift */,
				091989AF1BC9536D00E9B560 /* UIViewController+Alerts.swift */,
			);
			path = Extensions;
			sourceTree = "<group>";
		};
		09BAC9961BB8118800B0F90D /* Themes */ = {
			isa = PBXGroup;
			children = (
				098AF8961BC0057E00D43EE0 /* TextFieldTheme.swift */,
				09BAC9A11BB817EC00B0F90D /* FormTextFieldTheme.swift */,
			);
			path = Themes;
			sourceTree = "<group>";
		};
		09BAC9A51BB8979600B0F90D /* Auth */ = {
			isa = PBXGroup;
			children = (
				09BAC9A61BB897C000B0F90D /* AuthView.swift */,
				09BAC9A81BB89BA000B0F90D /* AuthView.xib */,
			);
			path = Auth;
			sourceTree = "<group>";
		};
		09E2D4111BB7476000DBF6BA = {
			isa = PBXGroup;
			children = (
				09E2D45D1BB74A9800DBF6BA /* Cartfile */,
				09E2D41C1BB7476100DBF6BA /* ViewControllerThinning */,
				09E2D45E1BB74AC600DBF6BA /* Frameworks */,
				09E2D41B1BB7476100DBF6BA /* Products */,
			);
			sourceTree = "<group>";
		};
		09E2D41B1BB7476100DBF6BA /* Products */ = {
			isa = PBXGroup;
			children = (
				09E2D41A1BB7476100DBF6BA /* ViewControllerThinning.app */,
			);
			name = Products;
			sourceTree = "<group>";
		};
		09E2D41C1BB7476100DBF6BA /* ViewControllerThinning */ = {
			isa = PBXGroup;
			children = (
				092CF9DE1BDD279900E4D482 /* System */,
				099DC04D1BC8596A00C61D26 /* Models */,
				09BAC9811BB8022400B0F90D /* Views */,
				09E2D41D1BB7476100DBF6BA /* AppDelegate.swift */,
				09BAC9931BB805B400B0F90D /* ViewControllerThinning-Bridging-Header.h */,
				09E2D4211BB7476100DBF6BA /* Main.storyboard */,
				09E2D4241BB7476100DBF6BA /* Assets.xcassets */,
				09E2D4261BB7476100DBF6BA /* LaunchScreen.storyboard */,
				09E2D4291BB7476100DBF6BA /* Info.plist */,
			);
			path = ViewControllerThinning;
			sourceTree = "<group>";
		};
		09E2D45E1BB74AC600DBF6BA /* Frameworks */ = {
			isa = PBXGroup;
			children = (
				092CF9E61BDD2A8F00E4D482 /* Typhoon.framework */,
				09E2D45F1BB74AD500DBF6BA /* SwiftNetworking.framework */,
			);
			name = Frameworks;
			sourceTree = "<group>";
		};
/* End PBXGroup section */

/* Begin PBXNativeTarget section */
		09E2D4191BB7476100DBF6BA /* ViewControllerThinning */ = {
			isa = PBXNativeTarget;
			buildConfigurationList = 09E2D42C1BB7476100DBF6BA /* Build configuration list for PBXNativeTarget "ViewControllerThinning" */;
			buildPhases = (
				09E2D4161BB7476100DBF6BA /* Sources */,
				09E2D4171BB7476100DBF6BA /* Frameworks */,
				09E2D4181BB7476100DBF6BA /* Resources */,
				09E2D46B1BB74D9900DBF6BA /* Copy Frameworks */,
			);
			buildRules = (
			);
			dependencies = (
			);
			name = ViewControllerThinning;
			productName = ViewControllerThinning;
			productReference = 09E2D41A1BB7476100DBF6BA /* ViewControllerThinning.app */;
			productType = "com.apple.product-type.application";
		};
/* End PBXNativeTarget section */

/* Begin PBXProject section */
		09E2D4121BB7476000DBF6BA /* Project object */ = {
			isa = PBXProject;
			attributes = {
				LastSwiftUpdateCheck = 0700;
				LastUpgradeCheck = 0700;
				ORGANIZATIONNAME = "Ilya Puchka";
				TargetAttributes = {
					09E2D4191BB7476100DBF6BA = {
						CreatedOnToolsVersion = 7.0;
					};
				};
			};
			buildConfigurationList = 09E2D4151BB7476000DBF6BA /* Build configuration list for PBXProject "ViewControllerThinning" */;
			compatibilityVersion = "Xcode 3.2";
			developmentRegion = English;
			hasScannedForEncodings = 0;
			knownRegions = (
				en,
				Base,
			);
			mainGroup = 09E2D4111BB7476000DBF6BA;
			productRefGroup = 09E2D41B1BB7476100DBF6BA /* Products */;
			projectDirPath = "";
			projectRoot = "";
			targets = (
				09E2D4191BB7476100DBF6BA /* ViewControllerThinning */,
			);
		};
/* End PBXProject section */

/* Begin PBXResourcesBuildPhase section */
		09E2D4181BB7476100DBF6BA /* Resources */ = {
			isa = PBXResourcesBuildPhase;
			buildActionMask = 2147483647;
			files = (
				09BAC9A91BB89BA000B0F90D /* AuthView.xib in Resources */,
				09E2D4281BB7476100DBF6BA /* LaunchScreen.storyboard in Resources */,
				09E2D4251BB7476100DBF6BA /* Assets.xcassets in Resources */,
				09E2D4231BB7476100DBF6BA /* Main.storyboard in Resources */,
			);
			runOnlyForDeploymentPostprocessing = 0;
		};
/* End PBXResourcesBuildPhase section */

/* Begin PBXShellScriptBuildPhase section */
		09E2D46B1BB74D9900DBF6BA /* Copy Frameworks */ = {
			isa = PBXShellScriptBuildPhase;
			buildActionMask = 2147483647;
			files = (
			);
			inputPaths = (
				"$(SRCROOT)/Carthage/Build/iOS/SwiftNetworking.framework",
				"$(SRCROOT)/Carthage/Build/iOS/Typhoon.framework",
			);
			name = "Copy Frameworks";
			outputPaths = (
			);
			runOnlyForDeploymentPostprocessing = 0;
			shellPath = /bin/sh;
			shellScript = "/usr/local/bin/carthage copy-frameworks";
		};
/* End PBXShellScriptBuildPhase section */

/* Begin PBXSourcesBuildPhase section */
		09E2D4161BB7476100DBF6BA /* Sources */ = {
			isa = PBXSourcesBuildPhase;
			buildActionMask = 2147483647;
			files = (
				092CF9E31BDD281900E4D482 /* NetworkComponents.swift in Sources */,
				092CF9E51BDD288400E4D482 /* UIComponents.swift in Sources */,
				09BAC9951BB809A800B0F90D /* UIView+Extensions.swift in Sources */,
				09BAC9A21BB817EC00B0F90D /* FormTextFieldTheme.swift in Sources */,
				099DC05D1BC8715E00C61D26 /* HighlightableButton.swift in Sources */,
				099DC0541BC85ABC00C61D26 /* BackgroundHighlightableView.swift in Sources */,
				099DC0571BC85FC400C61D26 /* ShakeAnimation.swift in Sources */,
				099DC05B1BC8673D00C61D26 /* ViewController.swift in Sources */,
				09BAC9921BB805A300B0F90D /* UIView+Appearance.m in Sources */,
				09BAC98E1BB8048700B0F90D /* UIView+InterfaceBuilder.swift in Sources */,
				099DC0501BC8597D00C61D26 /* FormBehaviour.swift in Sources */,
				09BAC9A71BB897C000B0F90D /* AuthView.swift in Sources */,
				09BAC98C1BB802BA00B0F90D /* UIImage+Named.swift in Sources */,
				091989B01BC9536D00E9B560 /* UIViewController+Alerts.swift in Sources */,
				099DC0521BC85A3500C61D26 /* AuthFormBehaviour.swift in Sources */,
				099DC05A1BC8673D00C61D26 /* FormTextField.swift in Sources */,
				09E2D41E1BB7476100DBF6BA /* AppDelegate.swift in Sources */,
				098AF8971BC0057E00D43EE0 /* TextFieldTheme.swift in Sources */,
			);
			runOnlyForDeploymentPostprocessing = 0;
		};
/* End PBXSourcesBuildPhase section */

/* Begin PBXVariantGroup section */
		09E2D4211BB7476100DBF6BA /* Main.storyboard */ = {
			isa = PBXVariantGroup;
			children = (
				09E2D4221BB7476100DBF6BA /* Base */,
			);
			name = Main.storyboard;
			sourceTree = "<group>";
		};
		09E2D4261BB7476100DBF6BA /* LaunchScreen.storyboard */ = {
			isa = PBXVariantGroup;
			children = (
				09E2D4271BB7476100DBF6BA /* Base */,
			);
			name = LaunchScreen.storyboard;
			sourceTree = "<group>";
		};
/* End PBXVariantGroup section */

/* Begin XCBuildConfiguration section */
		09E2D42A1BB7476100DBF6BA /* Debug */ = {
			isa = XCBuildConfiguration;
			buildSettings = {
				ALWAYS_SEARCH_USER_PATHS = NO;
				CLANG_CXX_LANGUAGE_STANDARD = "gnu++0x";
				CLANG_CXX_LIBRARY = "libc++";
				CLANG_ENABLE_MODULES = YES;
				CLANG_ENABLE_OBJC_ARC = YES;
				CLANG_WARN_BOOL_CONVERSION = YES;
				CLANG_WARN_CONSTANT_CONVERSION = YES;
				CLANG_WARN_DIRECT_OBJC_ISA_USAGE = YES_ERROR;
				CLANG_WARN_EMPTY_BODY = YES;
				CLANG_WARN_ENUM_CONVERSION = YES;
				CLANG_WARN_INT_CONVERSION = YES;
				CLANG_WARN_OBJC_ROOT_CLASS = YES_ERROR;
				CLANG_WARN_UNREACHABLE_CODE = YES;
				CLANG_WARN__DUPLICATE_METHOD_MATCH = YES;
				"CODE_SIGN_IDENTITY[sdk=iphoneos*]" = "iPhone Developer";
				COPY_PHASE_STRIP = NO;
				DEBUG_INFORMATION_FORMAT = dwarf;
				ENABLE_STRICT_OBJC_MSGSEND = YES;
				ENABLE_TESTABILITY = YES;
				GCC_C_LANGUAGE_STANDARD = gnu99;
				GCC_DYNAMIC_NO_PIC = NO;
				GCC_NO_COMMON_BLOCKS = YES;
				GCC_OPTIMIZATION_LEVEL = 0;
				GCC_PREPROCESSOR_DEFINITIONS = (
					"DEBUG=1",
					"$(inherited)",
				);
				GCC_WARN_64_TO_32_BIT_CONVERSION = YES;
				GCC_WARN_ABOUT_RETURN_TYPE = YES_ERROR;
				GCC_WARN_UNDECLARED_SELECTOR = YES;
				GCC_WARN_UNINITIALIZED_AUTOS = YES_AGGRESSIVE;
				GCC_WARN_UNUSED_FUNCTION = YES;
				GCC_WARN_UNUSED_VARIABLE = YES;
				IPHONEOS_DEPLOYMENT_TARGET = 9.0;
				MTL_ENABLE_DEBUG_INFO = YES;
				ONLY_ACTIVE_ARCH = YES;
				SDKROOT = iphoneos;
				SWIFT_OPTIMIZATION_LEVEL = "-Onone";
				TARGETED_DEVICE_FAMILY = "1,2";
			};
			name = Debug;
		};
		09E2D42B1BB7476100DBF6BA /* Release */ = {
			isa = XCBuildConfiguration;
			buildSettings = {
				ALWAYS_SEARCH_USER_PATHS = NO;
				CLANG_CXX_LANGUAGE_STANDARD = "gnu++0x";
				CLANG_CXX_LIBRARY = "libc++";
				CLANG_ENABLE_MODULES = YES;
				CLANG_ENABLE_OBJC_ARC = YES;
				CLANG_WARN_BOOL_CONVERSION = YES;
				CLANG_WARN_CONSTANT_CONVERSION = YES;
				CLANG_WARN_DIRECT_OBJC_ISA_USAGE = YES_ERROR;
				CLANG_WARN_EMPTY_BODY = YES;
				CLANG_WARN_ENUM_CONVERSION = YES;
				CLANG_WARN_INT_CONVERSION = YES;
				CLANG_WARN_OBJC_ROOT_CLASS = YES_ERROR;
				CLANG_WARN_UNREACHABLE_CODE = YES;
				CLANG_WARN__DUPLICATE_METHOD_MATCH = YES;
				"CODE_SIGN_IDENTITY[sdk=iphoneos*]" = "iPhone Developer";
				COPY_PHASE_STRIP = NO;
				DEBUG_INFORMATION_FORMAT = "dwarf-with-dsym";
				ENABLE_NS_ASSERTIONS = NO;
				ENABLE_STRICT_OBJC_MSGSEND = YES;
				GCC_C_LANGUAGE_STANDARD = gnu99;
				GCC_NO_COMMON_BLOCKS = YES;
				GCC_WARN_64_TO_32_BIT_CONVERSION = YES;
				GCC_WARN_ABOUT_RETURN_TYPE = YES_ERROR;
				GCC_WARN_UNDECLARED_SELECTOR = YES;
				GCC_WARN_UNINITIALIZED_AUTOS = YES_AGGRESSIVE;
				GCC_WARN_UNUSED_FUNCTION = YES;
				GCC_WARN_UNUSED_VARIABLE = YES;
				IPHONEOS_DEPLOYMENT_TARGET = 9.0;
				MTL_ENABLE_DEBUG_INFO = NO;
				SDKROOT = iphoneos;
				TARGETED_DEVICE_FAMILY = "1,2";
				VALIDATE_PRODUCT = YES;
			};
			name = Release;
		};
		09E2D42D1BB7476100DBF6BA /* Debug */ = {
			isa = XCBuildConfiguration;
			buildSettings = {
				ASSETCATALOG_COMPILER_APPICON_NAME = AppIcon;
				CLANG_ENABLE_MODULES = YES;
				CODE_SIGN_IDENTITY = "iPhone Developer";
				FRAMEWORK_SEARCH_PATHS = (
					"$(inherited)",
					"$(PROJECT_DIR)/Carthage/Build/iOS",
				);
				INFOPLIST_FILE = ViewControllerThinning/Info.plist;
				IPHONEOS_DEPLOYMENT_TARGET = 8.0;
				LD_RUNPATH_SEARCH_PATHS = "$(inherited) @executable_path/Frameworks";
				PRODUCT_BUNDLE_IDENTIFIER = ilya.puchka.ViewControllerThinning;
				PRODUCT_NAME = "$(TARGET_NAME)";
				SWIFT_OBJC_BRIDGING_HEADER = "ViewControllerThinning/ViewControllerThinning-Bridging-Header.h";
				SWIFT_OPTIMIZATION_LEVEL = "-Onone";
			};
			name = Debug;
		};
		09E2D42E1BB7476100DBF6BA /* Release */ = {
			isa = XCBuildConfiguration;
			buildSettings = {
				ASSETCATALOG_COMPILER_APPICON_NAME = AppIcon;
				CLANG_ENABLE_MODULES = YES;
				CODE_SIGN_IDENTITY = "iPhone Developer";
				FRAMEWORK_SEARCH_PATHS = (
					"$(inherited)",
					"$(PROJECT_DIR)/Carthage/Build/iOS",
				);
				INFOPLIST_FILE = ViewControllerThinning/Info.plist;
				IPHONEOS_DEPLOYMENT_TARGET = 8.0;
				LD_RUNPATH_SEARCH_PATHS = "$(inherited) @executable_path/Frameworks";
				PRODUCT_BUNDLE_IDENTIFIER = ilya.puchka.ViewControllerThinning;
				PRODUCT_NAME = "$(TARGET_NAME)";
				SWIFT_OBJC_BRIDGING_HEADER = "ViewControllerThinning/ViewControllerThinning-Bridging-Header.h";
			};
			name = Release;
		};
/* End XCBuildConfiguration section */

/* Begin XCConfigurationList section */
		09E2D4151BB7476000DBF6BA /* Build configuration list for PBXProject "ViewControllerThinning" */ = {
			isa = XCConfigurationList;
			buildConfigurations = (
				09E2D42A1BB7476100DBF6BA /* Debug */,
				09E2D42B1BB7476100DBF6BA /* Release */,
			);
			defaultConfigurationIsVisible = 0;
			defaultConfigurationName = Release;
		};
		09E2D42C1BB7476100DBF6BA /* Build configuration list for PBXNativeTarget "ViewControllerThinning" */ = {
			isa = XCConfigurationList;
			buildConfigurations = (
				09E2D42D1BB7476100DBF6BA /* Debug */,
				09E2D42E1BB7476100DBF6BA /* Release */,
			);
			defaultConfigurationIsVisible = 0;
			defaultConfigurationName = Release;
		};
/* End XCConfigurationList section */
	};
	rootObject = 09E2D4121BB7476000DBF6BA /* Project object */;
}
